// !$*UTF8*$!
{
	archiveVersion = 1;
	classes = {
	};
	objectVersion = 50;
	objects = {

/* Begin PBXBuildFile section */
		FD68C78427D634A60018CD61 /* AppDelegate.swift in Sources */ = {isa = PBXBuildFile; fileRef = FD68C78327D634A60018CD61 /* AppDelegate.swift */; };
		FD68C78627D634A60018CD61 /* SceneDelegate.swift in Sources */ = {isa = PBXBuildFile; fileRef = FD68C78527D634A60018CD61 /* SceneDelegate.swift */; };
		FD68C78B27D634A60018CD61 /* Main.storyboard in Resources */ = {isa = PBXBuildFile; fileRef = FD68C78927D634A60018CD61 /* Main.storyboard */; };
		FD68C78E27D634A60018CD61 /* QuotesiOS.xcdatamodeld in Sources */ = {isa = PBXBuildFile; fileRef = FD68C78C27D634A60018CD61 /* QuotesiOS.xcdatamodeld */; };
		FD68C79027D634B10018CD61 /* Assets.xcassets in Resources */ = {isa = PBXBuildFile; fileRef = FD68C78F27D634B10018CD61 /* Assets.xcassets */; };
		FD68C79327D634B10018CD61 /* LaunchScreen.storyboard in Resources */ = {isa = PBXBuildFile; fileRef = FD68C79127D634B10018CD61 /* LaunchScreen.storyboard */; };
		FD68C7A127D64BD80018CD61 /* QuoteViewController.swift in Sources */ = {isa = PBXBuildFile; fileRef = FD68C7A027D64BD80018CD61 /* QuoteViewController.swift */; };
		FD68C7A827D64CB40018CD61 /* SavedTableViewController.swift in Sources */ = {isa = PBXBuildFile; fileRef = FD68C7A727D64CB40018CD61 /* SavedTableViewController.swift */; };
		FD68C7B227D656A00018CD61 /* QuoteCell.swift in Sources */ = {isa = PBXBuildFile; fileRef = FD68C7B127D656A00018CD61 /* QuoteCell.swift */; };
		FD68C7B527D672A40018CD61 /* QuoteController.swift in Sources */ = {isa = PBXBuildFile; fileRef = FD68C7B427D672A40018CD61 /* QuoteController.swift */; };
/* End PBXBuildFile section */

/* Begin PBXFileReference section */
		FD68C78027D634A60018CD61 /* QuotesiOS.app */ = {isa = PBXFileReference; explicitFileType = wrapper.application; includeInIndex = 0; path = QuotesiOS.app; sourceTree = BUILT_PRODUCTS_DIR; };
		FD68C78327D634A60018CD61 /* AppDelegate.swift */ = {isa = PBXFileReference; lastKnownFileType = sourcecode.swift; path = AppDelegate.swift; sourceTree = "<group>"; };
		FD68C78527D634A60018CD61 /* SceneDelegate.swift */ = {isa = PBXFileReference; lastKnownFileType = sourcecode.swift; path = SceneDelegate.swift; sourceTree = "<group>"; };
		FD68C78A27D634A60018CD61 /* Base */ = {isa = PBXFileReference; lastKnownFileType = file.storyboard; name = Base; path = Base.lproj/Main.storyboard; sourceTree = "<group>"; };
		FD68C78D27D634A60018CD61 /* QuotesiOS.xcdatamodel */ = {isa = PBXFileReference; lastKnownFileType = wrapper.xcdatamodel; path = QuotesiOS.xcdatamodel; sourceTree = "<group>"; };
		FD68C78F27D634B10018CD61 /* Assets.xcassets */ = {isa = PBXFileReference; lastKnownFileType = folder.assetcatalog; path = Assets.xcassets; sourceTree = "<group>"; };
		FD68C79227D634B10018CD61 /* Base */ = {isa = PBXFileReference; lastKnownFileType = file.storyboard; name = Base; path = Base.lproj/LaunchScreen.storyboard; sourceTree = "<group>"; };
		FD68C79427D634B10018CD61 /* Info.plist */ = {isa = PBXFileReference; lastKnownFileType = text.plist.xml; path = Info.plist; sourceTree = "<group>"; };
		FD68C7A027D64BD80018CD61 /* QuoteViewController.swift */ = {isa = PBXFileReference; lastKnownFileType = sourcecode.swift; path = QuoteViewController.swift; sourceTree = "<group>"; };
		FD68C7A727D64CB40018CD61 /* SavedTableViewController.swift */ = {isa = PBXFileReference; lastKnownFileType = sourcecode.swift; path = SavedTableViewController.swift; sourceTree = "<group>"; };
		FD68C7B127D656A00018CD61 /* QuoteCell.swift */ = {isa = PBXFileReference; lastKnownFileType = sourcecode.swift; path = QuoteCell.swift; sourceTree = "<group>"; };
		FD68C7B427D672A40018CD61 /* QuoteController.swift */ = {isa = PBXFileReference; lastKnownFileType = sourcecode.swift; path = QuoteController.swift; sourceTree = "<group>"; };
/* End PBXFileReference section */

/* Begin PBXFrameworksBuildPhase section */
		FD68C77D27D634A60018CD61 /* Frameworks */ = {
			isa = PBXFrameworksBuildPhase;
			buildActionMask = 2147483647;
			files = (
			);
			runOnlyForDeploymentPostprocessing = 0;
		};
/* End PBXFrameworksBuildPhase section */

/* Begin PBXGroup section */
		FD68C77727D634A60018CD61 = {
			isa = PBXGroup;
			children = (
				FD68C78227D634A60018CD61 /* QuotesiOS */,
				FD68C78127D634A60018CD61 /* Products */,
			);
			sourceTree = "<group>";
		};
		FD68C78127D634A60018CD61 /* Products */ = {
			isa = PBXGroup;
			children = (
				FD68C78027D634A60018CD61 /* QuotesiOS.app */,
			);
			name = Products;
			sourceTree = "<group>";
		};
		FD68C78227D634A60018CD61 /* QuotesiOS */ = {
			isa = PBXGroup;
			children = (
				FD68C78327D634A60018CD61 /* AppDelegate.swift */,
				FD68C78527D634A60018CD61 /* SceneDelegate.swift */,
				FD68C7A027D64BD80018CD61 /* QuoteViewController.swift */,
				FD68C7B427D672A40018CD61 /* QuoteController.swift */,
				FD68C7A727D64CB40018CD61 /* SavedTableViewController.swift */,
				FD68C7B127D656A00018CD61 /* QuoteCell.swift */,
				FD68C78927D634A60018CD61 /* Main.storyboard */,
				FD68C78F27D634B10018CD61 /* Assets.xcassets */,
				FD68C79127D634B10018CD61 /* LaunchScreen.storyboard */,
				FD68C79427D634B10018CD61 /* Info.plist */,
				FD68C78C27D634A60018CD61 /* QuotesiOS.xcdatamodeld */,
			);
			path = QuotesiOS;
			sourceTree = "<group>";
		};
/* End PBXGroup section */

/* Begin PBXNativeTarget section */
		FD68C77F27D634A60018CD61 /* QuotesiOS */ = {
			isa = PBXNativeTarget;
			buildConfigurationList = FD68C79727D634B10018CD61 /* Build configuration list for PBXNativeTarget "QuotesiOS" */;
			buildPhases = (
				FD68C77C27D634A60018CD61 /* Sources */,
				FD68C77D27D634A60018CD61 /* Frameworks */,
				FD68C77E27D634A60018CD61 /* Resources */,
			);
			buildRules = (
			);
			dependencies = (
			);
			name = QuotesiOS;
			productName = QuotesiOS;
			productReference = FD68C78027D634A60018CD61 /* QuotesiOS.app */;
			productType = "com.apple.product-type.application";
		};
/* End PBXNativeTarget section */

/* Begin PBXProject section */
		FD68C77827D634A60018CD61 /* Project object */ = {
			isa = PBXProject;
			attributes = {
				LastSwiftUpdateCheck = 1240;
				LastUpgradeCheck = 1240;
				TargetAttributes = {
					FD68C77F27D634A60018CD61 = {
						CreatedOnToolsVersion = 12.4;
					};
				};
			};
			buildConfigurationList = FD68C77B27D634A60018CD61 /* Build configuration list for PBXProject "QuotesiOS" */;
			compatibilityVersion = "Xcode 9.3";
			developmentRegion = en;
			hasScannedForEncodings = 0;
			knownRegions = (
				en,
				Base,
			);
			mainGroup = FD68C77727D634A60018CD61;
			productRefGroup = FD68C78127D634A60018CD61 /* Products */;
			projectDirPath = "";
			projectRoot = "";
			targets = (
				FD68C77F27D634A60018CD61 /* QuotesiOS */,
			);
		};
/* End PBXProject section */

/* Begin PBXResourcesBuildPhase section */
		FD68C77E27D634A60018CD61 /* Resources */ = {
			isa = PBXResourcesBuildPhase;
			buildActionMask = 2147483647;
			files = (
				FD68C79327D634B10018CD61 /* LaunchScreen.storyboard in Resources */,
				FD68C79027D634B10018CD61 /* Assets.xcassets in Resources */,
				FD68C78B27D634A60018CD61 /* Main.storyboard in Resources */,
			);
			runOnlyForDeploymentPostprocessing = 0;
		};
/* End PBXResourcesBuildPhase section */

/* Begin PBXSourcesBuildPhase section */
		FD68C77C27D634A60018CD61 /* Sources */ = {
			isa = PBXSourcesBuildPhase;
			buildActionMask = 2147483647;
			files = (
				FD68C7B527D672A40018CD61 /* QuoteController.swift in Sources */,
				FD68C7B227D656A00018CD61 /* QuoteCell.swift in Sources */,
				FD68C78427D634A60018CD61 /* AppDelegate.swift in Sources */,
				FD68C7A127D64BD80018CD61 /* QuoteViewController.swift in Sources */,
				FD68C78E27D634A60018CD61 /* QuotesiOS.xcdatamodeld in Sources */,
				FD68C7A827D64CB40018CD61 /* SavedTableViewController.swift in Sources */,
				FD68C78627D634A60018CD61 /* SceneDelegate.swift in Sources */,
			);
			runOnlyForDeploymentPostprocessing = 0;
		};
/* End PBXSourcesBuildPhase section */

/* Begin PBXVariantGroup section */
		FD68C78927D634A60018CD61 /* Main.storyboard */ = {
			isa = PBXVariantGroup;
			children = (
				FD68C78A27D634A60018CD61 /* Base */,
			);
			name = Main.storyboard;
			sourceTree = "<group>";
		};
		FD68C79127D634B10018CD61 /* LaunchScreen.storyboard */ = {
			isa = PBXVariantGroup;
			children = (
				FD68C79227D634B10018CD61 /* Base */,
			);
			name = LaunchScreen.storyboard;
			sourceTree = "<group>";
		};
/* End PBXVariantGroup section */

/* Begin XCBuildConfiguration section */
		FD68C79527D634B10018CD61 /* Debug */ = {
			isa = XCBuildConfiguration;
			buildSettings = {
				ALWAYS_SEARCH_USER_PATHS = NO;
				CLANG_ANALYZER_NONNULL = YES;
				CLANG_ANALYZER_NUMBER_OBJECT_CONVERSION = YES_AGGRESSIVE;
				CLANG_CXX_LANGUAGE_STANDARD = "gnu++14";
				CLANG_CXX_LIBRARY = "libc++";
				CLANG_ENABLE_MODULES = YES;
				CLANG_ENABLE_OBJC_ARC = YES;
				CLANG_ENABLE_OBJC_WEAK = YES;
				CLANG_WARN_BLOCK_CAPTURE_AUTORELEASING = YES;
				CLANG_WARN_BOOL_CONVERSION = YES;
				CLANG_WARN_COMMA = YES;
				CLANG_WARN_CONSTANT_CONVERSION = YES;
				CLANG_WARN_DEPRECATED_OBJC_IMPLEMENTATIONS = YES;
				CLANG_WARN_DIRECT_OBJC_ISA_USAGE = YES_ERROR;
				CLANG_WARN_DOCUMENTATION_COMMENTS = YES;
				CLANG_WARN_EMPTY_BODY = YES;
				CLANG_WARN_ENUM_CONVERSION = YES;
				CLANG_WARN_INFINITE_RECURSION = YES;
				CLANG_WARN_INT_CONVERSION = YES;
				CLANG_WARN_NON_LITERAL_NULL_CONVERSION = YES;
				CLANG_WARN_OBJC_IMPLICIT_RETAIN_SELF = YES;
				CLANG_WARN_OBJC_LITERAL_CONVERSION = YES;
				CLANG_WARN_OBJC_ROOT_CLASS = YES_ERROR;
				CLANG_WARN_QUOTED_INCLUDE_IN_FRAMEWORK_HEADER = YES;
				CLANG_WARN_RANGE_LOOP_ANALYSIS = YES;
				CLANG_WARN_STRICT_PROTOTYPES = YES;
				CLANG_WARN_SUSPICIOUS_MOVE = YES;
				CLANG_WARN_UNGUARDED_AVAILABILITY = YES_AGGRESSIVE;
				CLANG_WARN_UNREACHABLE_CODE = YES;
				CLANG_WARN__DUPLICATE_METHOD_MATCH = YES;
				COPY_PHASE_STRIP = NO;
				DEBUG_INFORMATION_FORMAT = dwarf;
				ENABLE_STRICT_OBJC_MSGSEND = YES;
				ENABLE_TESTABILITY = YES;
				GCC_C_LANGUAGE_STANDARD = gnu11;
				GCC_DYNAMIC_NO_PIC = NO;
				GCC_NO_COMMON_BLOCKS = YES;
				GCC_OPTIMIZATION_LEVEL = 0;
				GCC_PREPROCESSOR_DEFINITIONS = (
					"DEBUG=1",
					"$(inherited)",
				);
				GCC_WARN_64_TO_32_BIT_CONVERSION = YES;
				GCC_WARN_ABOUT_RETURN_TYPE = YES_ERROR;
				GCC_WARN_UNDECLARED_SELECTOR = YES;
				GCC_WARN_UNINITIALIZED_AUTOS = YES_AGGRESSIVE;
				GCC_WARN_UNUSED_FUNCTION = YES;
				GCC_WARN_UNUSED_VARIABLE = YES;
				IPHONEOS_DEPLOYMENT_TARGET = 14.4;
				MTL_ENABLE_DEBUG_INFO = INCLUDE_SOURCE;
				MTL_FAST_MATH = YES;
				ONLY_ACTIVE_ARCH = YES;
				SDKROOT = iphoneos;
				SWIFT_ACTIVE_COMPILATION_CONDITIONS = DEBUG;
				SWIFT_OPTIMIZATION_LEVEL = "-Onone";
			};
			name = Debug;
		};
		FD68C79627D634B10018CD61 /* Release */ = {
			isa = XCBuildConfiguration;
			buildSettings = {
				ALWAYS_SEARCH_USER_PATHS = NO;
				CLANG_ANALYZER_NONNULL = YES;
				CLANG_ANALYZER_NUMBER_OBJECT_CONVERSION = YES_AGGRESSIVE;
				CLANG_CXX_LANGUAGE_STANDARD = "gnu++14";
				CLANG_CXX_LIBRARY = "libc++";
				CLANG_ENABLE_MODULES = YES;
				CLANG_ENABLE_OBJC_ARC = YES;
				CLANG_ENABLE_OBJC_WEAK = YES;
				CLANG_WARN_BLOCK_CAPTURE_AUTORELEASING = YES;
				CLANG_WARN_BOOL_CONVERSION = YES;
				CLANG_WARN_COMMA = YES;
				CLANG_WARN_CONSTANT_CONVERSION = YES;
				CLANG_WARN_DEPRECATED_OBJC_IMPLEMENTATIONS = YES;
				CLANG_WARN_DIRECT_OBJC_ISA_USAGE = YES_ERROR;
				CLANG_WARN_DOCUMENTATION_COMMENTS = YES;
				CLANG_WARN_EMPTY_BODY = YES;
				CLANG_WARN_ENUM_CONVERSION = YES;
				CLANG_WARN_INFINITE_RECURSION = YES;
				CLANG_WARN_INT_CONVERSION = YES;
				CLANG_WARN_NON_LITERAL_NULL_CONVERSION = YES;
				CLANG_WARN_OBJC_IMPLICIT_RETAIN_SELF = YES;
				CLANG_WARN_OBJC_LITERAL_CONVERSION = YES;
				CLANG_WARN_OBJC_ROOT_CLASS = YES_ERROR;
				CLANG_WARN_QUOTED_INCLUDE_IN_FRAMEWORK_HEADER = YES;
				CLANG_WARN_RANGE_LOOP_ANALYSIS = YES;
				CLANG_WARN_STRICT_PROTOTYPES = YES;
				CLANG_WARN_SUSPICIOUS_MOVE = YES;
				CLANG_WARN_UNGUARDED_AVAILABILITY = YES_AGGRESSIVE;
				CLANG_WARN_UNREACHABLE_CODE = YES;
				CLANG_WARN__DUPLICATE_METHOD_MATCH = YES;
				COPY_PHASE_STRIP = NO;
				DEBUG_INFORMATION_FORMAT = "dwarf-with-dsym";
				ENABLE_NS_ASSERTIONS = NO;
				ENABLE_STRICT_OBJC_MSGSEND = YES;
				GCC_C_LANGUAGE_STANDARD = gnu11;
				GCC_NO_COMMON_BLOCKS = YES;
				GCC_WARN_64_TO_32_BIT_CONVERSION = YES;
				GCC_WARN_ABOUT_RETURN_TYPE = YES_ERROR;
				GCC_WARN_UNDECLARED_SELECTOR = YES;
				GCC_WARN_UNINITIALIZED_AUTOS = YES_AGGRESSIVE;
				GCC_WARN_UNUSED_FUNCTION = YES;
				GCC_WARN_UNUSED_VARIABLE = YES;
				IPHONEOS_DEPLOYMENT_TARGET = 14.4;
				MTL_ENABLE_DEBUG_INFO = NO;
				MTL_FAST_MATH = YES;
				SDKROOT = iphoneos;
				SWIFT_COMPILATION_MODE = wholemodule;
				SWIFT_OPTIMIZATION_LEVEL = "-O";
				VALIDATE_PRODUCT = YES;
			};
			name = Release;
		};
		FD68C79827D634B10018CD61 /* Debug */ = {
			isa = XCBuildConfiguration;
			buildSettings = {
				ASSETCATALOG_COMPILER_APPICON_NAME = AppIcon;
				ASSETCATALOG_COMPILER_GLOBAL_ACCENT_COLOR_NAME = AccentColor;
				CODE_SIGN_STYLE = Automatic;
				INFOPLIST_FILE = QuotesiOS/Info.plist;
				LD_RUNPATH_SEARCH_PATHS = (
					"$(inherited)",
					"@executable_path/Frameworks",
				);
				PRODUCT_BUNDLE_IDENTIFIER = com.Kunioshi.QuotesiOS;
				PRODUCT_NAME = "$(TARGET_NAME)";
				SWIFT_VERSION = 5.0;
				TARGETED_DEVICE_FAMILY = "1,2";
			};
			name = Debug;
		};
		FD68C79927D634B10018CD61 /* Release */ = {
			isa = XCBuildConfiguration;
			buildSettings = {
				ASSETCATALOG_COMPILER_APPICON_NAME = AppIcon;
				ASSETCATALOG_COMPILER_GLOBAL_ACCENT_COLOR_NAME = AccentColor;
				CODE_SIGN_STYLE = Automatic;
				INFOPLIST_FILE = QuotesiOS/Info.plist;
				LD_RUNPATH_SEARCH_PATHS = (
					"$(inherited)",
					"@executable_path/Frameworks",
				);
				PRODUCT_BUNDLE_IDENTIFIER = com.Kunioshi.QuotesiOS;
				PRODUCT_NAME = "$(TARGET_NAME)";
				SWIFT_VERSION = 5.0;
				TARGETED_DEVICE_FAMILY = "1,2";
			};
			name = Release;
		};
/* End XCBuildConfiguration section */

/* Begin XCConfigurationList section */
		FD68C77B27D634A60018CD61 /* Build configuration list for PBXProject "QuotesiOS" */ = {
			isa = XCConfigurationList;
			buildConfigurations = (
				FD68C79527D634B10018CD61 /* Debug */,
				FD68C79627D634B10018CD61 /* Release */,
			);
			defaultConfigurationIsVisible = 0;
			defaultConfigurationName = Release;
		};
		FD68C79727D634B10018CD61 /* Build configuration list for PBXNativeTarget "QuotesiOS" */ = {
			isa = XCConfigurationList;
			buildConfigurations = (
				FD68C79827D634B10018CD61 /* Debug */,
				FD68C79927D634B10018CD61 /* Release */,
			);
			defaultConfigurationIsVisible = 0;
			defaultConfigurationName = Release;
		};
/* End XCConfigurationList section */

/* Begin XCVersionGroup section */
		FD68C78C27D634A60018CD61 /* QuotesiOS.xcdatamodeld */ = {
			isa = XCVersionGroup;
			children = (
				FD68C78D27D634A60018CD61 /* QuotesiOS.xcdatamodel */,
			);
			currentVersion = FD68C78D27D634A60018CD61 /* QuotesiOS.xcdatamodel */;
			path = QuotesiOS.xcdatamodeld;
			sourceTree = "<group>";
			versionGroupType = wrapper.xcdatamodel;
		};
/* End XCVersionGroup section */
	};
	rootObject = FD68C77827D634A60018CD61 /* Project object */;
}
